
Microsoft Visual Studio Solution File, Format Version 12.00
# Visual Studio Version 16
VisualStudioVersion = 16.0.30523.141
MinimumVisualStudioVersion = 10.0.40219.1
Project("{FAE04EC0-301F-11D3-BF4B-00C04F79EFBC}") = "KlasaOBjekt", "KlasaOBjekt\KlasaOBjekt.csproj", "{8D1B7A78-EC02-4133-935C-9A6F569B81EF}"
EndProject
Global
	GlobalSection(SolutionConfigurationPlatforms) = preSolution
		Debug|Any CPU = Debug|Any CPU
		Release|Any CPU = Release|Any CPU
	EndGlobalSection
	GlobalSection(ProjectConfigurationPlatforms) = postSolution
		{8D1B7A78-EC02-4133-935C-9A6F569B81EF}.Debug|Any CPU.ActiveCfg = Debug|Any CPU
		{8D1B7A78-EC02-4133-935C-9A6F569B81EF}.Debug|Any CPU.Build.0 = Debug|Any CPU
		{8D1B7A78-EC02-4133-935C-9A6F569B81EF}.Release|Any CPU.ActiveCfg = Release|Any CPU
		{8D1B7A78-EC02-4133-935C-9A6F569B81EF}.Release|Any CPU.Build.0 = Release|Any CPU
	EndGlobalSection
	GlobalSection(SolutionProperties) = preSolution
		HideSolutionNode = FALSE
	EndGlobalSection
	GlobalSection(ExtensibilityGlobals) = postSolution
		SolutionGuid = {125A6838-054F-4492-BD82-E2399F24B109}
	EndGlobalSection
EndGlobal
